github.com/antlr4-go/antlr/v4 v4.13.0 h1:lxCg3LAv+EUK6t1i0y1V6/SLeUi0eKEKdhQAlS8TVTI=
github.com/antlr4-go/antlr/v4 v4.13.0/go.mod h1:pfChB/xh/Unjila75QW7+VU4TSnWnnk9UTnmpPaOR2g=
github.com/bserdar/gojsonpath v0.0.0-20240405214934-a95e32ff6176 h1:sCd34XhjwgKWY1ezhGZ+gm04pppVsgmzEcKGQgL0eG8=
github.com/bserdar/gojsonpath v0.0.0-20240405214934-a95e32ff6176/go.mod h1:hlqdWKk+R7b8pxf6enQXlkinecVYuyH1ug4QWstgOi8=
github.com/bserdar/gojsonpath v0.0.0-20240407193010-bfd2ec06690e h1:eL13gnTwGBpNctmseddIWpcQ4bl34TEZcjAAniO+Fwk=
github.com/bserdar/gojsonpath v0.0.0-20240407193010-bfd2ec06690e/go.mod h1:hlqdWKk+R7b8pxf6enQXlkinecVYuyH1ug4QWstgOi8=
golang.org/x/exp v0.0.0-20230515195305-f3d0a9c9a5cc h1:mCRnTeVUjcrhlRmO0VK8a6k6Rrf6TF9htwo2pJVSjIU=
golang.org/x/exp v0.0.0-20230515195305-f3d0a9c9a5cc/go.mod h1:V1LtkGg67GoY2N1AnLN78QLrzxkLyJw7RJb1gzOOz9w=
gopkg.in/yaml.v3 v3.0.1 h1:fxVm/GzAzEWqLHuvctI91KS9hhNmmWOoWu0XTYJS7CA=
gopkg.in/yaml.v3 v3.0.1/go.mod h1:K4uyk7z7BCEPqu6E+C64Yfv1cQ7kz7rIZviUmN+EgEM=
